
Microsoft Visual Studio Solution File, Format Version 12.00
# Visual Studio Version 17
VisualStudioVersion = 17.7.34024.191
MinimumVisualStudioVersion = 10.0.40219.1
Project("{FAE04EC0-301F-11D3-BF4B-00C04F79EFBC}") = "KirillovaAnnaKt-42-20", "KirillovaAnnaKt-42-20\KirillovaAnnaKt-42-20.csproj", "{E498F4F0-7B63-40D7-A582-B455FB35F2B9}"
EndProject
Global
	GlobalSection(SolutionConfigurationPlatforms) = preSolution
		Debug|Any CPU = Debug|Any CPU
		Release|Any CPU = Release|Any CPU
	EndGlobalSection
	GlobalSection(ProjectConfigurationPlatforms) = postSolution
		{E498F4F0-7B63-40D7-A582-B455FB35F2B9}.Debug|Any CPU.ActiveCfg = Debug|Any CPU
		{E498F4F0-7B63-40D7-A582-B455FB35F2B9}.Debug|Any CPU.Build.0 = Debug|Any CPU
		{E498F4F0-7B63-40D7-A582-B455FB35F2B9}.Release|Any CPU.ActiveCfg = Release|Any CPU
		{E498F4F0-7B63-40D7-A582-B455FB35F2B9}.Release|Any CPU.Build.0 = Release|Any CPU
	EndGlobalSection
	GlobalSection(SolutionProperties) = preSolution
		HideSolutionNode = FALSE
	EndGlobalSection
	GlobalSection(ExtensibilityGlobals) = postSolution
		SolutionGuid = {169C8D0D-AE7B-457E-8467-CB4252A30877}
	EndGlobalSection
EndGlobal
